<Solution>
  <Folder Name="/src/" />
  <Folder Name="/src/api/">
    <Project Path="src/api/Cmdb.Api.csproj" />
  </Folder>
  <Folder Name="/src/catalog/">
    <Project Path="src/catalog/Cmdb.Catalog.csproj" />
  </Folder>
  <Folder Name="/src/database/">
    <Project Path="src/database/Cmdb.Database.csproj" />
  </Folder>
  <Folder Name="/tests/">
    <Project Path="tests/Cmdb.Api.IntegrationTests/Cmdb.Api.IntegrationTests.csproj" />
    <Project Path="tests/Cmdb.Api.Tests/Cmdb.Api.Tests.csproj" />
  </Folder>
</Solution>
